
Microsoft Visual Studio Solution File, Format Version 12.00
# Visual Studio Version 16
VisualStudioVersion = 16.0.32228.343
MinimumVisualStudioVersion = 10.0.40219.1
Project("{FAE04EC0-301F-11D3-BF4B-00C04F79EFBC}") = "SongRequestManager", "SongRequestManager\SongRequestManager.csproj", "{CDBD5008-0F51-408E-B89C-6142CB5C70E5}"
EndProject
Project("{9A19103F-16F7-4668-BE54-9A1E7A4F7556}") = "TwitchLib.Unity", "TwitchLib.Unity\TwitchLib.Unity\TwitchLib.Unity.csproj", "{D0BD2C3F-21F5-42B4-9F5E-ADEA0ED4B4C6}"
EndProject
Project("{FAE04EC0-301F-11D3-BF4B-00C04F79EFBC}") = "SongRequestManagerUT", "SongRequestManagerUT\SongRequestManagerUT.csproj", "{B27AF095-AB4D-4C14-8D60-88C3A53A0E5A}"
EndProject
Global
	GlobalSection(SolutionConfigurationPlatforms) = preSolution
		Debug|Any CPU = Debug|Any CPU
		Debug|x64 = Debug|x64
		Release|Any CPU = Release|Any CPU
		Release|x64 = Release|x64
	EndGlobalSection
	GlobalSection(ProjectConfigurationPlatforms) = postSolution
		{CDBD5008-0F51-408E-B89C-6142CB5C70E5}.Debug|Any CPU.ActiveCfg = Debug|Any CPU
		{CDBD5008-0F51-408E-B89C-6142CB5C70E5}.Debug|Any CPU.Build.0 = Debug|Any CPU
		{CDBD5008-0F51-408E-B89C-6142CB5C70E5}.Debug|x64.ActiveCfg = Debug|Any CPU
		{CDBD5008-0F51-408E-B89C-6142CB5C70E5}.Debug|x64.Build.0 = Debug|Any CPU
		{CDBD5008-0F51-408E-B89C-6142CB5C70E5}.Release|Any CPU.ActiveCfg = Release|Any CPU
		{CDBD5008-0F51-408E-B89C-6142CB5C70E5}.Release|Any CPU.Build.0 = Release|Any CPU
		{CDBD5008-0F51-408E-B89C-6142CB5C70E5}.Release|x64.ActiveCfg = Release|Any CPU
		{CDBD5008-0F51-408E-B89C-6142CB5C70E5}.Release|x64.Build.0 = Release|Any CPU
		{D0BD2C3F-21F5-42B4-9F5E-ADEA0ED4B4C6}.Debug|Any CPU.ActiveCfg = Debug|Any CPU
		{D0BD2C3F-21F5-42B4-9F5E-ADEA0ED4B4C6}.Debug|Any CPU.Build.0 = Debug|Any CPU
		{D0BD2C3F-21F5-42B4-9F5E-ADEA0ED4B4C6}.Debug|x64.ActiveCfg = Debug|Any CPU
		{D0BD2C3F-21F5-42B4-9F5E-ADEA0ED4B4C6}.Debug|x64.Build.0 = Debug|Any CPU
		{D0BD2C3F-21F5-42B4-9F5E-ADEA0ED4B4C6}.Release|Any CPU.ActiveCfg = Release|Any CPU
		{D0BD2C3F-21F5-42B4-9F5E-ADEA0ED4B4C6}.Release|Any CPU.Build.0 = Release|Any CPU
		{D0BD2C3F-21F5-42B4-9F5E-ADEA0ED4B4C6}.Release|x64.ActiveCfg = Release|Any CPU
		{D0BD2C3F-21F5-42B4-9F5E-ADEA0ED4B4C6}.Release|x64.Build.0 = Release|Any CPU
		{B27AF095-AB4D-4C14-8D60-88C3A53A0E5A}.Debug|Any CPU.ActiveCfg = Debug|Any CPU
		{B27AF095-AB4D-4C14-8D60-88C3A53A0E5A}.Debug|Any CPU.Build.0 = Debug|Any CPU
		{B27AF095-AB4D-4C14-8D60-88C3A53A0E5A}.Debug|x64.ActiveCfg = Debug|Any CPU
		{B27AF095-AB4D-4C14-8D60-88C3A53A0E5A}.Debug|x64.Build.0 = Debug|Any CPU
		{B27AF095-AB4D-4C14-8D60-88C3A53A0E5A}.Release|Any CPU.ActiveCfg = Release|Any CPU
		{B27AF095-AB4D-4C14-8D60-88C3A53A0E5A}.Release|Any CPU.Build.0 = Release|Any CPU
		{B27AF095-AB4D-4C14-8D60-88C3A53A0E5A}.Release|x64.ActiveCfg = Release|Any CPU
		{B27AF095-AB4D-4C14-8D60-88C3A53A0E5A}.Release|x64.Build.0 = Release|Any CPU
	EndGlobalSection
	GlobalSection(SolutionProperties) = preSolution
		HideSolutionNode = FALSE
	EndGlobalSection
	GlobalSection(ExtensibilityGlobals) = postSolution
		SolutionGuid = {CE491DE5-B017-462A-9B5C-7AC6D075B1B8}
	EndGlobalSection
EndGlobal
